// !$*UTF8*$!
{
	archiveVersion = 1;
	classes = {
	};
	objectVersion = 50;
	objects = {

/* Begin PBXBuildFile section */
		499D02783531AE937DE36F33 /* Pods_custom_transition.framework in Frameworks */ = {isa = PBXBuildFile; fileRef = 2A01C5324A28853DC06DB6CA /* Pods_custom_transition.framework */; };
		E824638621109FB70010A1C7 /* AppDelegate.swift in Sources */ = {isa = PBXBuildFile; fileRef = E824638521109FB70010A1C7 /* AppDelegate.swift */; };
		E824638821109FB70010A1C7 /* ViewController.swift in Sources */ = {isa = PBXBuildFile; fileRef = E824638721109FB70010A1C7 /* ViewController.swift */; };
		E824638B21109FB70010A1C7 /* Main.storyboard in Resources */ = {isa = PBXBuildFile; fileRef = E824638921109FB70010A1C7 /* Main.storyboard */; };
		E824638D21109FB90010A1C7 /* Assets.xcassets in Resources */ = {isa = PBXBuildFile; fileRef = E824638C21109FB90010A1C7 /* Assets.xcassets */; };
		E824639021109FB90010A1C7 /* LaunchScreen.storyboard in Resources */ = {isa = PBXBuildFile; fileRef = E824638E21109FB90010A1C7 /* LaunchScreen.storyboard */; };
		E82463982110A02C0010A1C7 /* animation.swift in Sources */ = {isa = PBXBuildFile; fileRef = E82463972110A02C0010A1C7 /* animation.swift */; };
		E8B941C42112381A000D8E5A /* LBT.swift in Sources */ = {isa = PBXBuildFile; fileRef = E8B941C32112381A000D8E5A /* LBT.swift */; };
		E8B941C621123868000D8E5A /* detailViewController.swift in Sources */ = {isa = PBXBuildFile; fileRef = E8B941C521123868000D8E5A /* detailViewController.swift */; };
		E8B941C82112388A000D8E5A /* VCcell.swift in Sources */ = {isa = PBXBuildFile; fileRef = E8B941C72112388A000D8E5A /* VCcell.swift */; };
/* End PBXBuildFile section */

/* Begin PBXFileReference section */
		2A01C5324A28853DC06DB6CA /* Pods_custom_transition.framework */ = {isa = PBXFileReference; explicitFileType = wrapper.framework; includeInIndex = 0; path = Pods_custom_transition.framework; sourceTree = BUILT_PRODUCTS_DIR; };
		6E27EFE2349C204FE9FCB264 /* Pods-custom_transition.release.xcconfig */ = {isa = PBXFileReference; includeInIndex = 1; lastKnownFileType = text.xcconfig; name = "Pods-custom_transition.release.xcconfig"; path = "Pods/Target Support Files/Pods-custom_transition/Pods-custom_transition.release.xcconfig"; sourceTree = "<group>"; };
		85F9326DBAD21704C2931A47 /* Pods-custom_transition.debug.xcconfig */ = {isa = PBXFileReference; includeInIndex = 1; lastKnownFileType = text.xcconfig; name = "Pods-custom_transition.debug.xcconfig"; path = "Pods/Target Support Files/Pods-custom_transition/Pods-custom_transition.debug.xcconfig"; sourceTree = "<group>"; };
		E824638221109FB70010A1C7 /* custom_transition.app */ = {isa = PBXFileReference; explicitFileType = wrapper.application; includeInIndex = 0; path = custom_transition.app; sourceTree = BUILT_PRODUCTS_DIR; };
		E824638521109FB70010A1C7 /* AppDelegate.swift */ = {isa = PBXFileReference; lastKnownFileType = sourcecode.swift; path = AppDelegate.swift; sourceTree = "<group>"; };
		E824638721109FB70010A1C7 /* ViewController.swift */ = {isa = PBXFileReference; lastKnownFileType = sourcecode.swift; path = ViewController.swift; sourceTree = "<group>"; };
		E824638A21109FB70010A1C7 /* Base */ = {isa = PBXFileReference; lastKnownFileType = file.storyboard; name = Base; path = Base.lproj/Main.storyboard; sourceTree = "<group>"; };
		E824638C21109FB90010A1C7 /* Assets.xcassets */ = {isa = PBXFileReference; lastKnownFileType = folder.assetcatalog; path = Assets.xcassets; sourceTree = "<group>"; };
		E824638F21109FB90010A1C7 /* Base */ = {isa = PBXFileReference; lastKnownFileType = file.storyboard; name = Base; path = Base.lproj/LaunchScreen.storyboard; sourceTree = "<group>"; };
		E824639121109FB90010A1C7 /* Info.plist */ = {isa = PBXFileReference; lastKnownFileType = text.plist.xml; path = Info.plist; sourceTree = "<group>"; };
		E82463972110A02C0010A1C7 /* animation.swift */ = {isa = PBXFileReference; lastKnownFileType = sourcecode.swift; path = animation.swift; sourceTree = "<group>"; };
		E8B941C32112381A000D8E5A /* LBT.swift */ = {isa = PBXFileReference; lastKnownFileType = sourcecode.swift; path = LBT.swift; sourceTree = "<group>"; };
		E8B941C521123868000D8E5A /* detailViewController.swift */ = {isa = PBXFileReference; lastKnownFileType = sourcecode.swift; path = detailViewController.swift; sourceTree = "<group>"; };
		E8B941C72112388A000D8E5A /* VCcell.swift */ = {isa = PBXFileReference; lastKnownFileType = sourcecode.swift; path = VCcell.swift; sourceTree = "<group>"; };
/* End PBXFileReference section */

/* Begin PBXFrameworksBuildPhase section */
		E824637F21109FB70010A1C7 /* Frameworks */ = {
			isa = PBXFrameworksBuildPhase;
			buildActionMask = 2147483647;
			files = (
				499D02783531AE937DE36F33 /* Pods_custom_transition.framework in Frameworks */,
			);
			runOnlyForDeploymentPostprocessing = 0;
		};
/* End PBXFrameworksBuildPhase section */

/* Begin PBXGroup section */
		0B1A1D2219F84F59A73D9034 /* Pods */ = {
			isa = PBXGroup;
			children = (
				85F9326DBAD21704C2931A47 /* Pods-custom_transition.debug.xcconfig */,
				6E27EFE2349C204FE9FCB264 /* Pods-custom_transition.release.xcconfig */,
			);
			name = Pods;
			sourceTree = "<group>";
		};
		A722365DCADD26513150430C /* Frameworks */ = {
			isa = PBXGroup;
			children = (
				2A01C5324A28853DC06DB6CA /* Pods_custom_transition.framework */,
			);
			name = Frameworks;
			sourceTree = "<group>";
		};
		E824637921109FB70010A1C7 = {
			isa = PBXGroup;
			children = (
				E824638421109FB70010A1C7 /* custom_transition */,
				E824638321109FB70010A1C7 /* Products */,
				0B1A1D2219F84F59A73D9034 /* Pods */,
				A722365DCADD26513150430C /* Frameworks */,
			);
			sourceTree = "<group>";
		};
		E824638321109FB70010A1C7 /* Products */ = {
			isa = PBXGroup;
			children = (
				E824638221109FB70010A1C7 /* custom_transition.app */,
			);
			name = Products;
			sourceTree = "<group>";
		};
		E824638421109FB70010A1C7 /* custom_transition */ = {
			isa = PBXGroup;
			children = (
				E824638521109FB70010A1C7 /* AppDelegate.swift */,
				E824638721109FB70010A1C7 /* ViewController.swift */,
				E8B941C72112388A000D8E5A /* VCcell.swift */,
				E8B941C521123868000D8E5A /* detailViewController.swift */,
				E824638921109FB70010A1C7 /* Main.storyboard */,
				E824638C21109FB90010A1C7 /* Assets.xcassets */,
				E824638E21109FB90010A1C7 /* LaunchScreen.storyboard */,
				E824639121109FB90010A1C7 /* Info.plist */,
				E82463972110A02C0010A1C7 /* animation.swift */,
				E8B941C32112381A000D8E5A /* LBT.swift */,
			);
			path = custom_transition;
			sourceTree = "<group>";
		};
/* End PBXGroup section */

/* Begin PBXNativeTarget section */
		E824638121109FB70010A1C7 /* custom_transition */ = {
			isa = PBXNativeTarget;
			buildConfigurationList = E824639421109FB90010A1C7 /* Build configuration list for PBXNativeTarget "custom_transition" */;
			buildPhases = (
				8B8F94B540B7462BEAA8514B /* [CP] Check Pods Manifest.lock */,
				E824637E21109FB70010A1C7 /* Sources */,
				E824637F21109FB70010A1C7 /* Frameworks */,
				E824638021109FB70010A1C7 /* Resources */,
				35C2CCA52C7D84857F3A14B8 /* [CP] Embed Pods Frameworks */,
			);
			buildRules = (
			);
			dependencies = (
			);
			name = custom_transition;
			productName = custom_transition;
			productReference = E824638221109FB70010A1C7 /* custom_transition.app */;
			productType = "com.apple.product-type.application";
		};
/* End PBXNativeTarget section */

/* Begin PBXProject section */
		E824637A21109FB70010A1C7 /* Project object */ = {
			isa = PBXProject;
			attributes = {
				LastSwiftUpdateCheck = 0940;
				LastUpgradeCheck = 0940;
				ORGANIZATIONNAME = Edwin;
				TargetAttributes = {
					E824638121109FB70010A1C7 = {
						CreatedOnToolsVersion = 9.4.1;
					};
				};
			};
			buildConfigurationList = E824637D21109FB70010A1C7 /* Build configuration list for PBXProject "custom_transition" */;
			compatibilityVersion = "Xcode 9.3";
			developmentRegion = en;
			hasScannedForEncodings = 0;
			knownRegions = (
				en,
				Base,
			);
			mainGroup = E824637921109FB70010A1C7;
			productRefGroup = E824638321109FB70010A1C7 /* Products */;
			projectDirPath = "";
			projectRoot = "";
			targets = (
				E824638121109FB70010A1C7 /* custom_transition */,
			);
		};
/* End PBXProject section */

/* Begin PBXResourcesBuildPhase section */
		E824638021109FB70010A1C7 /* Resources */ = {
			isa = PBXResourcesBuildPhase;
			buildActionMask = 2147483647;
			files = (
				E824639021109FB90010A1C7 /* LaunchScreen.storyboard in Resources */,
				E824638D21109FB90010A1C7 /* Assets.xcassets in Resources */,
				E824638B21109FB70010A1C7 /* Main.storyboard in Resources */,
			);
			runOnlyForDeploymentPostprocessing = 0;
		};
/* End PBXResourcesBuildPhase section */

/* Begin PBXShellScriptBuildPhase section */
		35C2CCA52C7D84857F3A14B8 /* [CP] Embed Pods Frameworks */ = {
			isa = PBXShellScriptBuildPhase;
			buildActionMask = 2147483647;
			files = (
			);
			inputPaths = (
				"${SRCROOT}/Pods/Target Support Files/Pods-custom_transition/Pods-custom_transition-frameworks.sh",
				"${BUILT_PRODUCTS_DIR}/Transition/Transition.framework",
			);
			name = "[CP] Embed Pods Frameworks";
			outputPaths = (
				"${TARGET_BUILD_DIR}/${FRAMEWORKS_FOLDER_PATH}/Transition.framework",
			);
			runOnlyForDeploymentPostprocessing = 0;
			shellPath = /bin/sh;
			shellScript = "\"${SRCROOT}/Pods/Target Support Files/Pods-custom_transition/Pods-custom_transition-frameworks.sh\"\n";
			showEnvVarsInLog = 0;
		};
		8B8F94B540B7462BEAA8514B /* [CP] Check Pods Manifest.lock */ = {
			isa = PBXShellScriptBuildPhase;
			buildActionMask = 2147483647;
			files = (
			);
			inputPaths = (
				"${PODS_PODFILE_DIR_PATH}/Podfile.lock",
				"${PODS_ROOT}/Manifest.lock",
			);
			name = "[CP] Check Pods Manifest.lock";
			outputPaths = (
				"$(DERIVED_FILE_DIR)/Pods-custom_transition-checkManifestLockResult.txt",
			);
			runOnlyForDeploymentPostprocessing = 0;
			shellPath = /bin/sh;
			shellScript = "diff \"${PODS_PODFILE_DIR_PATH}/Podfile.lock\" \"${PODS_ROOT}/Manifest.lock\" > /dev/null\nif [ $? != 0 ] ; then\n    # print error to STDERR\n    echo \"error: The sandbox is not in sync with the Podfile.lock. Run 'pod install' or update your CocoaPods installation.\" >&2\n    exit 1\nfi\n# This output is used by Xcode 'outputs' to avoid re-running this script phase.\necho \"SUCCESS\" > \"${SCRIPT_OUTPUT_FILE_0}\"\n";
			showEnvVarsInLog = 0;
		};
/* End PBXShellScriptBuildPhase section */

/* Begin PBXSourcesBuildPhase section */
		E824637E21109FB70010A1C7 /* Sources */ = {
			isa = PBXSourcesBuildPhase;
			buildActionMask = 2147483647;
			files = (
				E824638821109FB70010A1C7 /* ViewController.swift in Sources */,
				E82463982110A02C0010A1C7 /* animation.swift in Sources */,
				E8B941C82112388A000D8E5A /* VCcell.swift in Sources */,
				E8B941C42112381A000D8E5A /* LBT.swift in Sources */,
				E8B941C621123868000D8E5A /* detailViewController.swift in Sources */,
				E824638621109FB70010A1C7 /* AppDelegate.swift in Sources */,
			);
			runOnlyForDeploymentPostprocessing = 0;
		};
/* End PBXSourcesBuildPhase section */

/* Begin PBXVariantGroup section */
		E824638921109FB70010A1C7 /* Main.storyboard */ = {
			isa = PBXVariantGroup;
			children = (
				E824638A21109FB70010A1C7 /* Base */,
			);
			name = Main.storyboard;
			sourceTree = "<group>";
		};
		E824638E21109FB90010A1C7 /* LaunchScreen.storyboard */ = {
			isa = PBXVariantGroup;
			children = (
				E824638F21109FB90010A1C7 /* Base */,
			);
			name = LaunchScreen.storyboard;
			sourceTree = "<group>";
		};
/* End PBXVariantGroup section */

/* Begin XCBuildConfiguration section */
		E824639221109FB90010A1C7 /* Debug */ = {
			isa = XCBuildConfiguration;
			buildSettings = {
				ALWAYS_SEARCH_USER_PATHS = NO;
				CLANG_ANALYZER_NONNULL = YES;
				CLANG_ANALYZER_NUMBER_OBJECT_CONVERSION = YES_AGGRESSIVE;
				CLANG_CXX_LANGUAGE_STANDARD = "gnu++14";
				CLANG_CXX_LIBRARY = "libc++";
				CLANG_ENABLE_MODULES = YES;
				CLANG_ENABLE_OBJC_ARC = YES;
				CLANG_ENABLE_OBJC_WEAK = YES;
				CLANG_WARN_BLOCK_CAPTURE_AUTORELEASING = YES;
				CLANG_WARN_BOOL_CONVERSION = YES;
				CLANG_WARN_COMMA = YES;
				CLANG_WARN_CONSTANT_CONVERSION = YES;
				CLANG_WARN_DEPRECATED_OBJC_IMPLEMENTATIONS = YES;
				CLANG_WARN_DIRECT_OBJC_ISA_USAGE = YES_ERROR;
				CLANG_WARN_DOCUMENTATION_COMMENTS = YES;
				CLANG_WARN_EMPTY_BODY = YES;
				CLANG_WARN_ENUM_CONVERSION = YES;
				CLANG_WARN_INFINITE_RECURSION = YES;
				CLANG_WARN_INT_CONVERSION = YES;
				CLANG_WARN_NON_LITERAL_NULL_CONVERSION = YES;
				CLANG_WARN_OBJC_IMPLICIT_RETAIN_SELF = YES;
				CLANG_WARN_OBJC_LITERAL_CONVERSION = YES;
				CLANG_WARN_OBJC_ROOT_CLASS = YES_ERROR;
				CLANG_WARN_RANGE_LOOP_ANALYSIS = YES;
				CLANG_WARN_STRICT_PROTOTYPES = YES;
				CLANG_WARN_SUSPICIOUS_MOVE = YES;
				CLANG_WARN_UNGUARDED_AVAILABILITY = YES_AGGRESSIVE;
				CLANG_WARN_UNREACHABLE_CODE = YES;
				CLANG_WARN__DUPLICATE_METHOD_MATCH = YES;
				CODE_SIGN_IDENTITY = "iPhone Developer";
				COPY_PHASE_STRIP = NO;
				DEBUG_INFORMATION_FORMAT = dwarf;
				ENABLE_STRICT_OBJC_MSGSEND = YES;
				ENABLE_TESTABILITY = YES;
				GCC_C_LANGUAGE_STANDARD = gnu11;
				GCC_DYNAMIC_NO_PIC = NO;
				GCC_NO_COMMON_BLOCKS = YES;
				GCC_OPTIMIZATION_LEVEL = 0;
				GCC_PREPROCESSOR_DEFINITIONS = (
					"DEBUG=1",
					"$(inherited)",
				);
				GCC_WARN_64_TO_32_BIT_CONVERSION = YES;
				GCC_WARN_ABOUT_RETURN_TYPE = YES_ERROR;
				GCC_WARN_UNDECLARED_SELECTOR = YES;
				GCC_WARN_UNINITIALIZED_AUTOS = YES_AGGRESSIVE;
				GCC_WARN_UNUSED_FUNCTION = YES;
				GCC_WARN_UNUSED_VARIABLE = YES;
				IPHONEOS_DEPLOYMENT_TARGET = 11.4;
				MTL_ENABLE_DEBUG_INFO = YES;
				ONLY_ACTIVE_ARCH = YES;
				SDKROOT = iphoneos;
				SWIFT_ACTIVE_COMPILATION_CONDITIONS = DEBUG;
				SWIFT_OPTIMIZATION_LEVEL = "-Onone";
			};
			name = Debug;
		};
		E824639321109FB90010A1C7 /* Release */ = {
			isa = XCBuildConfiguration;
			buildSettings = {
				ALWAYS_SEARCH_USER_PATHS = NO;
				CLANG_ANALYZER_NONNULL = YES;
				CLANG_ANALYZER_NUMBER_OBJECT_CONVERSION = YES_AGGRESSIVE;
				CLANG_CXX_LANGUAGE_STANDARD = "gnu++14";
				CLANG_CXX_LIBRARY = "libc++";
				CLANG_ENABLE_MODULES = YES;
				CLANG_ENABLE_OBJC_ARC = YES;
				CLANG_ENABLE_OBJC_WEAK = YES;
				CLANG_WARN_BLOCK_CAPTURE_AUTORELEASING = YES;
				CLANG_WARN_BOOL_CONVERSION = YES;
				CLANG_WARN_COMMA = YES;
				CLANG_WARN_CONSTANT_CONVERSION = YES;
				CLANG_WARN_DEPRECATED_OBJC_IMPLEMENTATIONS = YES;
				CLANG_WARN_DIRECT_OBJC_ISA_USAGE = YES_ERROR;
				CLANG_WARN_DOCUMENTATION_COMMENTS = YES;
				CLANG_WARN_EMPTY_BODY = YES;
				CLANG_WARN_ENUM_CONVERSION = YES;
				CLANG_WARN_INFINITE_RECURSION = YES;
				CLANG_WARN_INT_CONVERSION = YES;
				CLANG_WARN_NON_LITERAL_NULL_CONVERSION = YES;
				CLANG_WARN_OBJC_IMPLICIT_RETAIN_SELF = YES;
				CLANG_WARN_OBJC_LITERAL_CONVERSION = YES;
				CLANG_WARN_OBJC_ROOT_CLASS = YES_ERROR;
				CLANG_WARN_RANGE_LOOP_ANALYSIS = YES;
				CLANG_WARN_STRICT_PROTOTYPES = YES;
				CLANG_WARN_SUSPICIOUS_MOVE = YES;
				CLANG_WARN_UNGUARDED_AVAILABILITY = YES_AGGRESSIVE;
				CLANG_WARN_UNREACHABLE_CODE = YES;
				CLANG_WARN__DUPLICATE_METHOD_MATCH = YES;
				CODE_SIGN_IDENTITY = "iPhone Developer";
				COPY_PHASE_STRIP = NO;
				DEBUG_INFORMATION_FORMAT = "dwarf-with-dsym";
				ENABLE_NS_ASSERTIONS = NO;
				ENABLE_STRICT_OBJC_MSGSEND = YES;
				GCC_C_LANGUAGE_STANDARD = gnu11;
				GCC_NO_COMMON_BLOCKS = YES;
				GCC_WARN_64_TO_32_BIT_CONVERSION = YES;
				GCC_WARN_ABOUT_RETURN_TYPE = YES_ERROR;
				GCC_WARN_UNDECLARED_SELECTOR = YES;
				GCC_WARN_UNINITIALIZED_AUTOS = YES_AGGRESSIVE;
				GCC_WARN_UNUSED_FUNCTION = YES;
				GCC_WARN_UNUSED_VARIABLE = YES;
				IPHONEOS_DEPLOYMENT_TARGET = 11.4;
				MTL_ENABLE_DEBUG_INFO = NO;
				SDKROOT = iphoneos;
				SWIFT_COMPILATION_MODE = wholemodule;
				SWIFT_OPTIMIZATION_LEVEL = "-O";
				VALIDATE_PRODUCT = YES;
			};
			name = Release;
		};
		E824639521109FB90010A1C7 /* Debug */ = {
			isa = XCBuildConfiguration;
			baseConfigurationReference = 85F9326DBAD21704C2931A47 /* Pods-custom_transition.debug.xcconfig */;
			buildSettings = {
				ASSETCATALOG_COMPILER_APPICON_NAME = AppIcon;
				CODE_SIGN_STYLE = Automatic;
				DEVELOPMENT_TEAM = GCPU83AAPV;
				INFOPLIST_FILE = custom_transition/Info.plist;
				IPHONEOS_DEPLOYMENT_TARGET = 10.0;
				LD_RUNPATH_SEARCH_PATHS = (
					"$(inherited)",
					"@executable_path/Frameworks",
				);
				PRODUCT_BUNDLE_IDENTIFIER = "com.Edwin.custom-transition";
				PRODUCT_NAME = "$(TARGET_NAME)";
				SWIFT_VERSION = 4.0;
				TARGETED_DEVICE_FAMILY = "1,2";
			};
			name = Debug;
		};
		E824639621109FB90010A1C7 /* Release */ = {
			isa = XCBuildConfiguration;
			baseConfigurationReference = 6E27EFE2349C204FE9FCB264 /* Pods-custom_transition.release.xcconfig */;
			buildSettings = {
				ASSETCATALOG_COMPILER_APPICON_NAME = AppIcon;
				CODE_SIGN_STYLE = Automatic;
				DEVELOPMENT_TEAM = GCPU83AAPV;
				INFOPLIST_FILE = custom_transition/Info.plist;
				IPHONEOS_DEPLOYMENT_TARGET = 10.0;
				LD_RUNPATH_SEARCH_PATHS = (
					"$(inherited)",
					"@executable_path/Frameworks",
				);
				PRODUCT_BUNDLE_IDENTIFIER = "com.Edwin.custom-transition";
				PRODUCT_NAME = "$(TARGET_NAME)";
				SWIFT_VERSION = 4.0;
				TARGETED_DEVICE_FAMILY = "1,2";
			};
			name = Release;
		};
/* End XCBuildConfiguration section */

/* Begin XCConfigurationList section */
		E824637D21109FB70010A1C7 /* Build configuration list for PBXProject "custom_transition" */ = {
			isa = XCConfigurationList;
			buildConfigurations = (
				E824639221109FB90010A1C7 /* Debug */,
				E824639321109FB90010A1C7 /* Release */,
			);
			defaultConfigurationIsVisible = 0;
			defaultConfigurationName = Release;
		};
		E824639421109FB90010A1C7 /* Build configuration list for PBXNativeTarget "custom_transition" */ = {
			isa = XCConfigurationList;
			buildConfigurations = (
				E824639521109FB90010A1C7 /* Debug */,
				E824639621109FB90010A1C7 /* Release */,
			);
			defaultConfigurationIsVisible = 0;
			defaultConfigurationName = Release;
		};
/* End XCConfigurationList section */
	};
	rootObject = E824637A21109FB70010A1C7 /* Project object */;
}
